{
  "object": {
    "pins": [
      {
        "package": "IQKeyboardManagerSwift",
        "repositoryURL": "https://github.com/hackiftekhar/IQKeyboardManager.git",
        "state": {
          "branch": null,
          "revision": "95fe8db1c34b6ef55f7956dc821ad34f32b9aa72",
          "version": "6.5.1"
        }
      }
    ]
  },
  "version": 1
}
