// !$*UTF8*$!
{
	archiveVersion = 1;
	classes = {
	};
	objectVersion = 50;
	objects = {

/* Begin PBXBuildFile section */
		32AC31D65FF502F25DCC1126 /* Pods_Musixcrape.framework in Frameworks */ = {isa = PBXBuildFile; fileRef = 7FD183BC11128C0452E79447 /* Pods_Musixcrape.framework */; };
		B39EF473234EB6210061E3B7 /* Util.swift in Sources */ = {isa = PBXBuildFile; fileRef = B39EF472234EB6210061E3B7 /* Util.swift */; };
		B3C222D5234E7DF80088C79E /* AppDelegate.swift in Sources */ = {isa = PBXBuildFile; fileRef = B3C222D4234E7DF80088C79E /* AppDelegate.swift */; };
		B3C222D7234E7DF80088C79E /* SceneDelegate.swift in Sources */ = {isa = PBXBuildFile; fileRef = B3C222D6234E7DF80088C79E /* SceneDelegate.swift */; };
		B3C222D9234E7DF80088C79E /* ViewController.swift in Sources */ = {isa = PBXBuildFile; fileRef = B3C222D8234E7DF80088C79E /* ViewController.swift */; };
		B3C222DC234E7DF80088C79E /* Main.storyboard in Resources */ = {isa = PBXBuildFile; fileRef = B3C222DA234E7DF80088C79E /* Main.storyboard */; };
		B3C222DE234E7DFB0088C79E /* Assets.xcassets in Resources */ = {isa = PBXBuildFile; fileRef = B3C222DD234E7DFB0088C79E /* Assets.xcassets */; };
		B3C222E1234E7DFB0088C79E /* LaunchScreen.storyboard in Resources */ = {isa = PBXBuildFile; fileRef = B3C222DF234E7DFB0088C79E /* LaunchScreen.storyboard */; };
		B3C222EC234E7E570088C79E /* ResultsViewController.swift in Sources */ = {isa = PBXBuildFile; fileRef = B3C222EB234E7E570088C79E /* ResultsViewController.swift */; };
		B3C222EE234E7E6A0088C79E /* SearchViewController.swift in Sources */ = {isa = PBXBuildFile; fileRef = B3C222ED234E7E6A0088C79E /* SearchViewController.swift */; };
		B3C222F2234E7EB10088C79E /* CoverCollectionViewCell.swift in Sources */ = {isa = PBXBuildFile; fileRef = B3C222F1234E7EB10088C79E /* CoverCollectionViewCell.swift */; };
		B3C222F4234E7ED00088C79E /* SearchTableViewCell.swift in Sources */ = {isa = PBXBuildFile; fileRef = B3C222F3234E7ED00088C79E /* SearchTableViewCell.swift */; };
		B3C222F6234E7EE90088C79E /* AlbumCollectionViewCell.swift in Sources */ = {isa = PBXBuildFile; fileRef = B3C222F5234E7EE90088C79E /* AlbumCollectionViewCell.swift */; };
		B3C222F8234E7F020088C79E /* SongTableViewCell.swift in Sources */ = {isa = PBXBuildFile; fileRef = B3C222F7234E7F020088C79E /* SongTableViewCell.swift */; };
		B3C22300234E89320088C79E /* LyricsViewController.swift in Sources */ = {isa = PBXBuildFile; fileRef = B3C222FF234E89320088C79E /* LyricsViewController.swift */; };
/* End PBXBuildFile section */

/* Begin PBXFileReference section */
		1C926FFBE34AF345E7F1D44C /* Pods-Musixcrape.debug.xcconfig */ = {isa = PBXFileReference; includeInIndex = 1; lastKnownFileType = text.xcconfig; name = "Pods-Musixcrape.debug.xcconfig"; path = "Pods/Target Support Files/Pods-Musixcrape/Pods-Musixcrape.debug.xcconfig"; sourceTree = "<group>"; };
		7FD183BC11128C0452E79447 /* Pods_Musixcrape.framework */ = {isa = PBXFileReference; explicitFileType = wrapper.framework; includeInIndex = 0; path = Pods_Musixcrape.framework; sourceTree = BUILT_PRODUCTS_DIR; };
		B39EF472234EB6210061E3B7 /* Util.swift */ = {isa = PBXFileReference; lastKnownFileType = sourcecode.swift; path = Util.swift; sourceTree = "<group>"; };
		B3C222D1234E7DF80088C79E /* Musixcrape.app */ = {isa = PBXFileReference; explicitFileType = wrapper.application; includeInIndex = 0; path = Musixcrape.app; sourceTree = BUILT_PRODUCTS_DIR; };
		B3C222D4234E7DF80088C79E /* AppDelegate.swift */ = {isa = PBXFileReference; lastKnownFileType = sourcecode.swift; path = AppDelegate.swift; sourceTree = "<group>"; };
		B3C222D6234E7DF80088C79E /* SceneDelegate.swift */ = {isa = PBXFileReference; lastKnownFileType = sourcecode.swift; path = SceneDelegate.swift; sourceTree = "<group>"; };
		B3C222D8234E7DF80088C79E /* ViewController.swift */ = {isa = PBXFileReference; lastKnownFileType = sourcecode.swift; path = ViewController.swift; sourceTree = "<group>"; };
		B3C222DB234E7DF80088C79E /* Base */ = {isa = PBXFileReference; lastKnownFileType = file.storyboard; name = Base; path = Base.lproj/Main.storyboard; sourceTree = "<group>"; };
		B3C222DD234E7DFB0088C79E /* Assets.xcassets */ = {isa = PBXFileReference; lastKnownFileType = folder.assetcatalog; path = Assets.xcassets; sourceTree = "<group>"; };
		B3C222E0234E7DFB0088C79E /* Base */ = {isa = PBXFileReference; lastKnownFileType = file.storyboard; name = Base; path = Base.lproj/LaunchScreen.storyboard; sourceTree = "<group>"; };
		B3C222E2234E7DFB0088C79E /* Info.plist */ = {isa = PBXFileReference; lastKnownFileType = text.plist.xml; path = Info.plist; sourceTree = "<group>"; };
		B3C222EB234E7E570088C79E /* ResultsViewController.swift */ = {isa = PBXFileReference; lastKnownFileType = sourcecode.swift; path = ResultsViewController.swift; sourceTree = "<group>"; };
		B3C222ED234E7E6A0088C79E /* SearchViewController.swift */ = {isa = PBXFileReference; lastKnownFileType = sourcecode.swift; path = SearchViewController.swift; sourceTree = "<group>"; };
		B3C222F1234E7EB10088C79E /* CoverCollectionViewCell.swift */ = {isa = PBXFileReference; lastKnownFileType = sourcecode.swift; path = CoverCollectionViewCell.swift; sourceTree = "<group>"; };
		B3C222F3234E7ED00088C79E /* SearchTableViewCell.swift */ = {isa = PBXFileReference; lastKnownFileType = sourcecode.swift; path = SearchTableViewCell.swift; sourceTree = "<group>"; };
		B3C222F5234E7EE90088C79E /* AlbumCollectionViewCell.swift */ = {isa = PBXFileReference; lastKnownFileType = sourcecode.swift; path = AlbumCollectionViewCell.swift; sourceTree = "<group>"; };
		B3C222F7234E7F020088C79E /* SongTableViewCell.swift */ = {isa = PBXFileReference; lastKnownFileType = sourcecode.swift; path = SongTableViewCell.swift; sourceTree = "<group>"; };
		B3C222FF234E89320088C79E /* LyricsViewController.swift */ = {isa = PBXFileReference; lastKnownFileType = sourcecode.swift; path = LyricsViewController.swift; sourceTree = "<group>"; };
		F641C4B3BB0453D06681A608 /* Pods-Musixcrape.release.xcconfig */ = {isa = PBXFileReference; includeInIndex = 1; lastKnownFileType = text.xcconfig; name = "Pods-Musixcrape.release.xcconfig"; path = "Pods/Target Support Files/Pods-Musixcrape/Pods-Musixcrape.release.xcconfig"; sourceTree = "<group>"; };
/* End PBXFileReference section */

/* Begin PBXFrameworksBuildPhase section */
		B3C222CE234E7DF80088C79E /* Frameworks */ = {
			isa = PBXFrameworksBuildPhase;
			buildActionMask = 2147483647;
			files = (
				32AC31D65FF502F25DCC1126 /* Pods_Musixcrape.framework in Frameworks */,
			);
			runOnlyForDeploymentPostprocessing = 0;
		};
/* End PBXFrameworksBuildPhase section */

/* Begin PBXGroup section */
		3902E2A144369DF0E05F0C6A /* Pods */ = {
			isa = PBXGroup;
			children = (
				1C926FFBE34AF345E7F1D44C /* Pods-Musixcrape.debug.xcconfig */,
				F641C4B3BB0453D06681A608 /* Pods-Musixcrape.release.xcconfig */,
			);
			name = Pods;
			sourceTree = "<group>";
		};
		5994A6D293309C577F7B117E /* Frameworks */ = {
			isa = PBXGroup;
			children = (
				7FD183BC11128C0452E79447 /* Pods_Musixcrape.framework */,
			);
			name = Frameworks;
			sourceTree = "<group>";
		};
		B3C222C8234E7DF80088C79E = {
			isa = PBXGroup;
			children = (
				B3C222D3234E7DF80088C79E /* Musixcrape */,
				B3C222D2234E7DF80088C79E /* Products */,
				3902E2A144369DF0E05F0C6A /* Pods */,
				5994A6D293309C577F7B117E /* Frameworks */,
			);
			sourceTree = "<group>";
		};
		B3C222D2234E7DF80088C79E /* Products */ = {
			isa = PBXGroup;
			children = (
				B3C222D1234E7DF80088C79E /* Musixcrape.app */,
			);
			name = Products;
			sourceTree = "<group>";
		};
		B3C222D3234E7DF80088C79E /* Musixcrape */ = {
			isa = PBXGroup;
			children = (
				B3C222FE234E7FAD0088C79E /* Delegates */,
				B3C222F9234E7F690088C79E /* ViewControllers */,
				B3C222E8234E7E0B0088C79E /* StoryBoards */,
				B3C222FA234E7F7C0088C79E /* Utilities */,
				B3C222FB234E7F8C0088C79E /* Cells */,
				B3C222E2234E7DFB0088C79E /* Info.plist */,
			);
			path = Musixcrape;
			sourceTree = "<group>";
		};
		B3C222E8234E7E0B0088C79E /* StoryBoards */ = {
			isa = PBXGroup;
			children = (
				B3C222DA234E7DF80088C79E /* Main.storyboard */,
				B3C222DF234E7DFB0088C79E /* LaunchScreen.storyboard */,
			);
			path = StoryBoards;
			sourceTree = "<group>";
		};
		B3C222F9234E7F690088C79E /* ViewControllers */ = {
			isa = PBXGroup;
			children = (
				B3C222D8234E7DF80088C79E /* ViewController.swift */,
				B3C222EB234E7E570088C79E /* ResultsViewController.swift */,
				B3C222ED234E7E6A0088C79E /* SearchViewController.swift */,
				B3C222FF234E89320088C79E /* LyricsViewController.swift */,
			);
			path = ViewControllers;
			sourceTree = "<group>";
		};
		B3C222FA234E7F7C0088C79E /* Utilities */ = {
			isa = PBXGroup;
			children = (
				B3C222DD234E7DFB0088C79E /* Assets.xcassets */,
				B39EF472234EB6210061E3B7 /* Util.swift */,
			);
			path = Utilities;
			sourceTree = "<group>";
		};
		B3C222FB234E7F8C0088C79E /* Cells */ = {
			isa = PBXGroup;
			children = (
				B3C222FC234E7F920088C79E /* CollectionView */,
				B3C222FD234E7FA10088C79E /* TableView */,
			);
			path = Cells;
			sourceTree = "<group>";
		};
		B3C222FC234E7F920088C79E /* CollectionView */ = {
			isa = PBXGroup;
			children = (
				B3C222F1234E7EB10088C79E /* CoverCollectionViewCell.swift */,
				B3C222F5234E7EE90088C79E /* AlbumCollectionViewCell.swift */,
			);
			path = CollectionView;
			sourceTree = "<group>";
		};
		B3C222FD234E7FA10088C79E /* TableView */ = {
			isa = PBXGroup;
			children = (
				B3C222F7234E7F020088C79E /* SongTableViewCell.swift */,
				B3C222F3234E7ED00088C79E /* SearchTableViewCell.swift */,
			);
			path = TableView;
			sourceTree = "<group>";
		};
		B3C222FE234E7FAD0088C79E /* Delegates */ = {
			isa = PBXGroup;
			children = (
				B3C222D4234E7DF80088C79E /* AppDelegate.swift */,
				B3C222D6234E7DF80088C79E /* SceneDelegate.swift */,
			);
			path = Delegates;
			sourceTree = "<group>";
		};
/* End PBXGroup section */

/* Begin PBXNativeTarget section */
		B3C222D0234E7DF80088C79E /* Musixcrape */ = {
			isa = PBXNativeTarget;
			buildConfigurationList = B3C222E5234E7DFB0088C79E /* Build configuration list for PBXNativeTarget "Musixcrape" */;
			buildPhases = (
				74ABE12AD129032C93AFDFE4 /* [CP] Check Pods Manifest.lock */,
				B3C222CD234E7DF80088C79E /* Sources */,
				B3C222CE234E7DF80088C79E /* Frameworks */,
				B3C222CF234E7DF80088C79E /* Resources */,
				3F4FFEB89C2ECF65FBF4333C /* [CP] Embed Pods Frameworks */,
			);
			buildRules = (
			);
			dependencies = (
			);
			name = Musixcrape;
			productName = Musixcrape;
			productReference = B3C222D1234E7DF80088C79E /* Musixcrape.app */;
			productType = "com.apple.product-type.application";
		};
/* End PBXNativeTarget section */

/* Begin PBXProject section */
		B3C222C9234E7DF80088C79E /* Project object */ = {
			isa = PBXProject;
			attributes = {
				LastSwiftUpdateCheck = 1110;
				LastUpgradeCheck = 1110;
				ORGANIZATIONNAME = "Moisés Córdova";
				TargetAttributes = {
					B3C222D0234E7DF80088C79E = {
						CreatedOnToolsVersion = 11.1;
					};
				};
			};
			buildConfigurationList = B3C222CC234E7DF80088C79E /* Build configuration list for PBXProject "Musixcrape" */;
			compatibilityVersion = "Xcode 9.3";
			developmentRegion = en;
			hasScannedForEncodings = 0;
			knownRegions = (
				en,
				Base,
			);
			mainGroup = B3C222C8234E7DF80088C79E;
			productRefGroup = B3C222D2234E7DF80088C79E /* Products */;
			projectDirPath = "";
			projectRoot = "";
			targets = (
				B3C222D0234E7DF80088C79E /* Musixcrape */,
			);
		};
/* End PBXProject section */

/* Begin PBXResourcesBuildPhase section */
		B3C222CF234E7DF80088C79E /* Resources */ = {
			isa = PBXResourcesBuildPhase;
			buildActionMask = 2147483647;
			files = (
				B3C222E1234E7DFB0088C79E /* LaunchScreen.storyboard in Resources */,
				B3C222DE234E7DFB0088C79E /* Assets.xcassets in Resources */,
				B3C222DC234E7DF80088C79E /* Main.storyboard in Resources */,
			);
			runOnlyForDeploymentPostprocessing = 0;
		};
/* End PBXResourcesBuildPhase section */

/* Begin PBXShellScriptBuildPhase section */
		3F4FFEB89C2ECF65FBF4333C /* [CP] Embed Pods Frameworks */ = {
			isa = PBXShellScriptBuildPhase;
			buildActionMask = 2147483647;
			files = (
			);
			inputPaths = (
				"${SRCROOT}/Pods/Target Support Files/Pods-Musixcrape/Pods-Musixcrape-frameworks.sh",
				"${BUILT_PRODUCTS_DIR}/Alamofire/Alamofire.framework",
				"${BUILT_PRODUCTS_DIR}/Kanna/Kanna.framework",
			);
			name = "[CP] Embed Pods Frameworks";
			outputPaths = (
				"${TARGET_BUILD_DIR}/${FRAMEWORKS_FOLDER_PATH}/Alamofire.framework",
				"${TARGET_BUILD_DIR}/${FRAMEWORKS_FOLDER_PATH}/Kanna.framework",
			);
			runOnlyForDeploymentPostprocessing = 0;
			shellPath = /bin/sh;
			shellScript = "\"${SRCROOT}/Pods/Target Support Files/Pods-Musixcrape/Pods-Musixcrape-frameworks.sh\"\n";
			showEnvVarsInLog = 0;
		};
		74ABE12AD129032C93AFDFE4 /* [CP] Check Pods Manifest.lock */ = {
			isa = PBXShellScriptBuildPhase;
			buildActionMask = 2147483647;
			files = (
			);
			inputPaths = (
				"${PODS_PODFILE_DIR_PATH}/Podfile.lock",
				"${PODS_ROOT}/Manifest.lock",
			);
			name = "[CP] Check Pods Manifest.lock";
			outputPaths = (
				"$(DERIVED_FILE_DIR)/Pods-Musixcrape-checkManifestLockResult.txt",
			);
			runOnlyForDeploymentPostprocessing = 0;
			shellPath = /bin/sh;
			shellScript = "diff \"${PODS_PODFILE_DIR_PATH}/Podfile.lock\" \"${PODS_ROOT}/Manifest.lock\" > /dev/null\nif [ $? != 0 ] ; then\n    # print error to STDERR\n    echo \"error: The sandbox is not in sync with the Podfile.lock. Run 'pod install' or update your CocoaPods installation.\" >&2\n    exit 1\nfi\n# This output is used by Xcode 'outputs' to avoid re-running this script phase.\necho \"SUCCESS\" > \"${SCRIPT_OUTPUT_FILE_0}\"\n";
			showEnvVarsInLog = 0;
		};
/* End PBXShellScriptBuildPhase section */

/* Begin PBXSourcesBuildPhase section */
		B3C222CD234E7DF80088C79E /* Sources */ = {
			isa = PBXSourcesBuildPhase;
			buildActionMask = 2147483647;
			files = (
				B3C222F6234E7EE90088C79E /* AlbumCollectionViewCell.swift in Sources */,
				B3C22300234E89320088C79E /* LyricsViewController.swift in Sources */,
				B3C222EE234E7E6A0088C79E /* SearchViewController.swift in Sources */,
				B3C222F8234E7F020088C79E /* SongTableViewCell.swift in Sources */,
				B3C222F2234E7EB10088C79E /* CoverCollectionViewCell.swift in Sources */,
				B3C222D9234E7DF80088C79E /* ViewController.swift in Sources */,
				B3C222D5234E7DF80088C79E /* AppDelegate.swift in Sources */,
				B3C222F4234E7ED00088C79E /* SearchTableViewCell.swift in Sources */,
				B3C222D7234E7DF80088C79E /* SceneDelegate.swift in Sources */,
				B39EF473234EB6210061E3B7 /* Util.swift in Sources */,
				B3C222EC234E7E570088C79E /* ResultsViewController.swift in Sources */,
			);
			runOnlyForDeploymentPostprocessing = 0;
		};
/* End PBXSourcesBuildPhase section */

/* Begin PBXVariantGroup section */
		B3C222DA234E7DF80088C79E /* Main.storyboard */ = {
			isa = PBXVariantGroup;
			children = (
				B3C222DB234E7DF80088C79E /* Base */,
			);
			name = Main.storyboard;
			sourceTree = "<group>";
		};
		B3C222DF234E7DFB0088C79E /* LaunchScreen.storyboard */ = {
			isa = PBXVariantGroup;
			children = (
				B3C222E0234E7DFB0088C79E /* Base */,
			);
			name = LaunchScreen.storyboard;
			sourceTree = "<group>";
		};
/* End PBXVariantGroup section */

/* Begin XCBuildConfiguration section */
		B3C222E3234E7DFB0088C79E /* Debug */ = {
			isa = XCBuildConfiguration;
			buildSettings = {
				ALWAYS_SEARCH_USER_PATHS = NO;
				CLANG_ANALYZER_NONNULL = YES;
				CLANG_ANALYZER_NUMBER_OBJECT_CONVERSION = YES_AGGRESSIVE;
				CLANG_CXX_LANGUAGE_STANDARD = "gnu++14";
				CLANG_CXX_LIBRARY = "libc++";
				CLANG_ENABLE_MODULES = YES;
				CLANG_ENABLE_OBJC_ARC = YES;
				CLANG_ENABLE_OBJC_WEAK = YES;
				CLANG_WARN_BLOCK_CAPTURE_AUTORELEASING = YES;
				CLANG_WARN_BOOL_CONVERSION = YES;
				CLANG_WARN_COMMA = YES;
				CLANG_WARN_CONSTANT_CONVERSION = YES;
				CLANG_WARN_DEPRECATED_OBJC_IMPLEMENTATIONS = YES;
				CLANG_WARN_DIRECT_OBJC_ISA_USAGE = YES_ERROR;
				CLANG_WARN_DOCUMENTATION_COMMENTS = YES;
				CLANG_WARN_EMPTY_BODY = YES;
				CLANG_WARN_ENUM_CONVERSION = YES;
				CLANG_WARN_INFINITE_RECURSION = YES;
				CLANG_WARN_INT_CONVERSION = YES;
				CLANG_WARN_NON_LITERAL_NULL_CONVERSION = YES;
				CLANG_WARN_OBJC_IMPLICIT_RETAIN_SELF = YES;
				CLANG_WARN_OBJC_LITERAL_CONVERSION = YES;
				CLANG_WARN_OBJC_ROOT_CLASS = YES_ERROR;
				CLANG_WARN_RANGE_LOOP_ANALYSIS = YES;
				CLANG_WARN_STRICT_PROTOTYPES = YES;
				CLANG_WARN_SUSPICIOUS_MOVE = YES;
				CLANG_WARN_UNGUARDED_AVAILABILITY = YES_AGGRESSIVE;
				CLANG_WARN_UNREACHABLE_CODE = YES;
				CLANG_WARN__DUPLICATE_METHOD_MATCH = YES;
				COPY_PHASE_STRIP = NO;
				DEBUG_INFORMATION_FORMAT = dwarf;
				ENABLE_STRICT_OBJC_MSGSEND = YES;
				ENABLE_TESTABILITY = YES;
				GCC_C_LANGUAGE_STANDARD = gnu11;
				GCC_DYNAMIC_NO_PIC = NO;
				GCC_NO_COMMON_BLOCKS = YES;
				GCC_OPTIMIZATION_LEVEL = 0;
				GCC_PREPROCESSOR_DEFINITIONS = (
					"DEBUG=1",
					"$(inherited)",
				);
				GCC_WARN_64_TO_32_BIT_CONVERSION = YES;
				GCC_WARN_ABOUT_RETURN_TYPE = YES_ERROR;
				GCC_WARN_UNDECLARED_SELECTOR = YES;
				GCC_WARN_UNINITIALIZED_AUTOS = YES_AGGRESSIVE;
				GCC_WARN_UNUSED_FUNCTION = YES;
				GCC_WARN_UNUSED_VARIABLE = YES;
				IPHONEOS_DEPLOYMENT_TARGET = 13.1;
				MTL_ENABLE_DEBUG_INFO = INCLUDE_SOURCE;
				MTL_FAST_MATH = YES;
				ONLY_ACTIVE_ARCH = YES;
				SDKROOT = iphoneos;
				SWIFT_ACTIVE_COMPILATION_CONDITIONS = DEBUG;
				SWIFT_OPTIMIZATION_LEVEL = "-Onone";
			};
			name = Debug;
		};
		B3C222E4234E7DFB0088C79E /* Release */ = {
			isa = XCBuildConfiguration;
			buildSettings = {
				ALWAYS_SEARCH_USER_PATHS = NO;
				CLANG_ANALYZER_NONNULL = YES;
				CLANG_ANALYZER_NUMBER_OBJECT_CONVERSION = YES_AGGRESSIVE;
				CLANG_CXX_LANGUAGE_STANDARD = "gnu++14";
				CLANG_CXX_LIBRARY = "libc++";
				CLANG_ENABLE_MODULES = YES;
				CLANG_ENABLE_OBJC_ARC = YES;
				CLANG_ENABLE_OBJC_WEAK = YES;
				CLANG_WARN_BLOCK_CAPTURE_AUTORELEASING = YES;
				CLANG_WARN_BOOL_CONVERSION = YES;
				CLANG_WARN_COMMA = YES;
				CLANG_WARN_CONSTANT_CONVERSION = YES;
				CLANG_WARN_DEPRECATED_OBJC_IMPLEMENTATIONS = YES;
				CLANG_WARN_DIRECT_OBJC_ISA_USAGE = YES_ERROR;
				CLANG_WARN_DOCUMENTATION_COMMENTS = YES;
				CLANG_WARN_EMPTY_BODY = YES;
				CLANG_WARN_ENUM_CONVERSION = YES;
				CLANG_WARN_INFINITE_RECURSION = YES;
				CLANG_WARN_INT_CONVERSION = YES;
				CLANG_WARN_NON_LITERAL_NULL_CONVERSION = YES;
				CLANG_WARN_OBJC_IMPLICIT_RETAIN_SELF = YES;
				CLANG_WARN_OBJC_LITERAL_CONVERSION = YES;
				CLANG_WARN_OBJC_ROOT_CLASS = YES_ERROR;
				CLANG_WARN_RANGE_LOOP_ANALYSIS = YES;
				CLANG_WARN_STRICT_PROTOTYPES = YES;
				CLANG_WARN_SUSPICIOUS_MOVE = YES;
				CLANG_WARN_UNGUARDED_AVAILABILITY = YES_AGGRESSIVE;
				CLANG_WARN_UNREACHABLE_CODE = YES;
				CLANG_WARN__DUPLICATE_METHOD_MATCH = YES;
				COPY_PHASE_STRIP = NO;
				DEBUG_INFORMATION_FORMAT = "dwarf-with-dsym";
				ENABLE_NS_ASSERTIONS = NO;
				ENABLE_STRICT_OBJC_MSGSEND = YES;
				GCC_C_LANGUAGE_STANDARD = gnu11;
				GCC_NO_COMMON_BLOCKS = YES;
				GCC_WARN_64_TO_32_BIT_CONVERSION = YES;
				GCC_WARN_ABOUT_RETURN_TYPE = YES_ERROR;
				GCC_WARN_UNDECLARED_SELECTOR = YES;
				GCC_WARN_UNINITIALIZED_AUTOS = YES_AGGRESSIVE;
				GCC_WARN_UNUSED_FUNCTION = YES;
				GCC_WARN_UNUSED_VARIABLE = YES;
				IPHONEOS_DEPLOYMENT_TARGET = 13.1;
				MTL_ENABLE_DEBUG_INFO = NO;
				MTL_FAST_MATH = YES;
				SDKROOT = iphoneos;
				SWIFT_COMPILATION_MODE = wholemodule;
				SWIFT_OPTIMIZATION_LEVEL = "-O";
				VALIDATE_PRODUCT = YES;
			};
			name = Release;
		};
		B3C222E6234E7DFB0088C79E /* Debug */ = {
			isa = XCBuildConfiguration;
			baseConfigurationReference = 1C926FFBE34AF345E7F1D44C /* Pods-Musixcrape.debug.xcconfig */;
			buildSettings = {
				ASSETCATALOG_COMPILER_APPICON_NAME = AppIcon;
				CODE_SIGN_STYLE = Automatic;
				DEVELOPMENT_TEAM = R27L3GB44P;
				INFOPLIST_FILE = Musixcrape/Info.plist;
				LD_RUNPATH_SEARCH_PATHS = (
					"$(inherited)",
					"@executable_path/Frameworks",
				);
				PRODUCT_BUNDLE_IDENTIFIER = com.moisesCordova.test.Musixcrape;
				PRODUCT_NAME = "$(TARGET_NAME)";
				SWIFT_VERSION = 5.0;
				TARGETED_DEVICE_FAMILY = "1,2";
			};
			name = Debug;
		};
		B3C222E7234E7DFB0088C79E /* Release */ = {
			isa = XCBuildConfiguration;
			baseConfigurationReference = F641C4B3BB0453D06681A608 /* Pods-Musixcrape.release.xcconfig */;
			buildSettings = {
				ASSETCATALOG_COMPILER_APPICON_NAME = AppIcon;
				CODE_SIGN_STYLE = Automatic;
				DEVELOPMENT_TEAM = R27L3GB44P;
				INFOPLIST_FILE = Musixcrape/Info.plist;
				LD_RUNPATH_SEARCH_PATHS = (
					"$(inherited)",
					"@executable_path/Frameworks",
				);
				PRODUCT_BUNDLE_IDENTIFIER = com.moisesCordova.test.Musixcrape;
				PRODUCT_NAME = "$(TARGET_NAME)";
				SWIFT_VERSION = 5.0;
				TARGETED_DEVICE_FAMILY = "1,2";
			};
			name = Release;
		};
/* End XCBuildConfiguration section */

/* Begin XCConfigurationList section */
		B3C222CC234E7DF80088C79E /* Build configuration list for PBXProject "Musixcrape" */ = {
			isa = XCConfigurationList;
			buildConfigurations = (
				B3C222E3234E7DFB0088C79E /* Debug */,
				B3C222E4234E7DFB0088C79E /* Release */,
			);
			defaultConfigurationIsVisible = 0;
			defaultConfigurationName = Release;
		};
		B3C222E5234E7DFB0088C79E /* Build configuration list for PBXNativeTarget "Musixcrape" */ = {
			isa = XCConfigurationList;
			buildConfigurations = (
				B3C222E6234E7DFB0088C79E /* Debug */,
				B3C222E7234E7DFB0088C79E /* Release */,
			);
			defaultConfigurationIsVisible = 0;
			defaultConfigurationName = Release;
		};
/* End XCConfigurationList section */
	};
	rootObject = B3C222C9234E7DF80088C79E /* Project object */;
}
